
Microsoft Visual Studio Solution File, Format Version 12.00
# Visual Studio 15
VisualStudioVersion = 15.0.26124.0
MinimumVisualStudioVersion = 15.0.26124.0
Project("{FAE04EC0-301F-11D3-BF4B-00C04F79EFBC}") = "CRM-WebService", "00-CRM-WebService\CRM-WebService.csproj", "{5C81E6BD-8F4E-437E-B3F7-D26662B1C034}"
EndProject
Project("{FAE04EC0-301F-11D3-BF4B-00C04F79EFBC}") = "CRM-Controller", "01-CRM-Controller\CRM-Controller.csproj", "{54FA921F-E773-4F6A-BA40-2E797A2B4483}"
EndProject
Project("{FAE04EC0-301F-11D3-BF4B-00C04F79EFBC}") = "CRM-App", "02-CRM-App\CRM-App.csproj", "{4252D301-71EA-4BD3-BD14-BBB102A67EF0}"
EndProject
Project("{FAE04EC0-301F-11D3-BF4B-00C04F79EFBC}") = "CRM-Core", "03-CRM-Core\CRM-Core.csproj", "{C8B96A69-EC03-4163-B430-696620EF9D0B}"
EndProject
Project("{FAE04EC0-301F-11D3-BF4B-00C04F79EFBC}") = "CRM-Domain", "04-CRM-Domain\CRM-Domain.csproj", "{73A1EEEE-787E-45D9-9F90-6C249ACFD268}"
EndProject
Project("{FAE04EC0-301F-11D3-BF4B-00C04F79EFBC}") = "CRM-DAL", "05-CRM-DAL\CRM-DAL.csproj", "{90CDB1EC-B587-4AD5-B59F-8847B0306C4F}"
EndProject
Global
	GlobalSection(SolutionConfigurationPlatforms) = preSolution
		Debug|Any CPU = Debug|Any CPU
		Debug|x64 = Debug|x64
		Debug|x86 = Debug|x86
		Release|Any CPU = Release|Any CPU
		Release|x64 = Release|x64
		Release|x86 = Release|x86
	EndGlobalSection
	GlobalSection(SolutionProperties) = preSolution
		HideSolutionNode = FALSE
	EndGlobalSection
	GlobalSection(ProjectConfigurationPlatforms) = postSolution
		{5C81E6BD-8F4E-437E-B3F7-D26662B1C034}.Debug|Any CPU.ActiveCfg = Debug|Any CPU
		{5C81E6BD-8F4E-437E-B3F7-D26662B1C034}.Debug|Any CPU.Build.0 = Debug|Any CPU
		{5C81E6BD-8F4E-437E-B3F7-D26662B1C034}.Debug|x64.ActiveCfg = Debug|Any CPU
		{5C81E6BD-8F4E-437E-B3F7-D26662B1C034}.Debug|x64.Build.0 = Debug|Any CPU
		{5C81E6BD-8F4E-437E-B3F7-D26662B1C034}.Debug|x86.ActiveCfg = Debug|Any CPU
		{5C81E6BD-8F4E-437E-B3F7-D26662B1C034}.Debug|x86.Build.0 = Debug|Any CPU
		{5C81E6BD-8F4E-437E-B3F7-D26662B1C034}.Release|Any CPU.ActiveCfg = Release|Any CPU
		{5C81E6BD-8F4E-437E-B3F7-D26662B1C034}.Release|Any CPU.Build.0 = Release|Any CPU
		{5C81E6BD-8F4E-437E-B3F7-D26662B1C034}.Release|x64.ActiveCfg = Release|Any CPU
		{5C81E6BD-8F4E-437E-B3F7-D26662B1C034}.Release|x64.Build.0 = Release|Any CPU
		{5C81E6BD-8F4E-437E-B3F7-D26662B1C034}.Release|x86.ActiveCfg = Release|Any CPU
		{5C81E6BD-8F4E-437E-B3F7-D26662B1C034}.Release|x86.Build.0 = Release|Any CPU
		{54FA921F-E773-4F6A-BA40-2E797A2B4483}.Debug|Any CPU.ActiveCfg = Debug|Any CPU
		{54FA921F-E773-4F6A-BA40-2E797A2B4483}.Debug|Any CPU.Build.0 = Debug|Any CPU
		{54FA921F-E773-4F6A-BA40-2E797A2B4483}.Debug|x64.ActiveCfg = Debug|Any CPU
		{54FA921F-E773-4F6A-BA40-2E797A2B4483}.Debug|x64.Build.0 = Debug|Any CPU
		{54FA921F-E773-4F6A-BA40-2E797A2B4483}.Debug|x86.ActiveCfg = Debug|Any CPU
		{54FA921F-E773-4F6A-BA40-2E797A2B4483}.Debug|x86.Build.0 = Debug|Any CPU
		{54FA921F-E773-4F6A-BA40-2E797A2B4483}.Release|Any CPU.ActiveCfg = Release|Any CPU
		{54FA921F-E773-4F6A-BA40-2E797A2B4483}.Release|Any CPU.Build.0 = Release|Any CPU
		{54FA921F-E773-4F6A-BA40-2E797A2B4483}.Release|x64.ActiveCfg = Release|Any CPU
		{54FA921F-E773-4F6A-BA40-2E797A2B4483}.Release|x64.Build.0 = Release|Any CPU
		{54FA921F-E773-4F6A-BA40-2E797A2B4483}.Release|x86.ActiveCfg = Release|Any CPU
		{54FA921F-E773-4F6A-BA40-2E797A2B4483}.Release|x86.Build.0 = Release|Any CPU
		{4252D301-71EA-4BD3-BD14-BBB102A67EF0}.Debug|Any CPU.ActiveCfg = Debug|Any CPU
		{4252D301-71EA-4BD3-BD14-BBB102A67EF0}.Debug|Any CPU.Build.0 = Debug|Any CPU
		{4252D301-71EA-4BD3-BD14-BBB102A67EF0}.Debug|x64.ActiveCfg = Debug|Any CPU
		{4252D301-71EA-4BD3-BD14-BBB102A67EF0}.Debug|x64.Build.0 = Debug|Any CPU
		{4252D301-71EA-4BD3-BD14-BBB102A67EF0}.Debug|x86.ActiveCfg = Debug|Any CPU
		{4252D301-71EA-4BD3-BD14-BBB102A67EF0}.Debug|x86.Build.0 = Debug|Any CPU
		{4252D301-71EA-4BD3-BD14-BBB102A67EF0}.Release|Any CPU.ActiveCfg = Release|Any CPU
		{4252D301-71EA-4BD3-BD14-BBB102A67EF0}.Release|Any CPU.Build.0 = Release|Any CPU
		{4252D301-71EA-4BD3-BD14-BBB102A67EF0}.Release|x64.ActiveCfg = Release|Any CPU
		{4252D301-71EA-4BD3-BD14-BBB102A67EF0}.Release|x64.Build.0 = Release|Any CPU
		{4252D301-71EA-4BD3-BD14-BBB102A67EF0}.Release|x86.ActiveCfg = Release|Any CPU
		{4252D301-71EA-4BD3-BD14-BBB102A67EF0}.Release|x86.Build.0 = Release|Any CPU
		{C8B96A69-EC03-4163-B430-696620EF9D0B}.Debug|Any CPU.ActiveCfg = Debug|Any CPU
		{C8B96A69-EC03-4163-B430-696620EF9D0B}.Debug|Any CPU.Build.0 = Debug|Any CPU
		{C8B96A69-EC03-4163-B430-696620EF9D0B}.Debug|x64.ActiveCfg = Debug|Any CPU
		{C8B96A69-EC03-4163-B430-696620EF9D0B}.Debug|x64.Build.0 = Debug|Any CPU
		{C8B96A69-EC03-4163-B430-696620EF9D0B}.Debug|x86.ActiveCfg = Debug|Any CPU
		{C8B96A69-EC03-4163-B430-696620EF9D0B}.Debug|x86.Build.0 = Debug|Any CPU
		{C8B96A69-EC03-4163-B430-696620EF9D0B}.Release|Any CPU.ActiveCfg = Release|Any CPU
		{C8B96A69-EC03-4163-B430-696620EF9D0B}.Release|Any CPU.Build.0 = Release|Any CPU
		{C8B96A69-EC03-4163-B430-696620EF9D0B}.Release|x64.ActiveCfg = Release|Any CPU
		{C8B96A69-EC03-4163-B430-696620EF9D0B}.Release|x64.Build.0 = Release|Any CPU
		{C8B96A69-EC03-4163-B430-696620EF9D0B}.Release|x86.ActiveCfg = Release|Any CPU
		{C8B96A69-EC03-4163-B430-696620EF9D0B}.Release|x86.Build.0 = Release|Any CPU
		{73A1EEEE-787E-45D9-9F90-6C249ACFD268}.Debug|Any CPU.ActiveCfg = Debug|Any CPU
		{73A1EEEE-787E-45D9-9F90-6C249ACFD268}.Debug|Any CPU.Build.0 = Debug|Any CPU
		{73A1EEEE-787E-45D9-9F90-6C249ACFD268}.Debug|x64.ActiveCfg = Debug|Any CPU
		{73A1EEEE-787E-45D9-9F90-6C249ACFD268}.Debug|x64.Build.0 = Debug|Any CPU
		{73A1EEEE-787E-45D9-9F90-6C249ACFD268}.Debug|x86.ActiveCfg = Debug|Any CPU
		{73A1EEEE-787E-45D9-9F90-6C249ACFD268}.Debug|x86.Build.0 = Debug|Any CPU
		{73A1EEEE-787E-45D9-9F90-6C249ACFD268}.Release|Any CPU.ActiveCfg = Release|Any CPU
		{73A1EEEE-787E-45D9-9F90-6C249ACFD268}.Release|Any CPU.Build.0 = Release|Any CPU
		{73A1EEEE-787E-45D9-9F90-6C249ACFD268}.Release|x64.ActiveCfg = Release|Any CPU
		{73A1EEEE-787E-45D9-9F90-6C249ACFD268}.Release|x64.Build.0 = Release|Any CPU
		{73A1EEEE-787E-45D9-9F90-6C249ACFD268}.Release|x86.ActiveCfg = Release|Any CPU
		{73A1EEEE-787E-45D9-9F90-6C249ACFD268}.Release|x86.Build.0 = Release|Any CPU
		{90CDB1EC-B587-4AD5-B59F-8847B0306C4F}.Debug|Any CPU.ActiveCfg = Debug|Any CPU
		{90CDB1EC-B587-4AD5-B59F-8847B0306C4F}.Debug|Any CPU.Build.0 = Debug|Any CPU
		{90CDB1EC-B587-4AD5-B59F-8847B0306C4F}.Debug|x64.ActiveCfg = Debug|Any CPU
		{90CDB1EC-B587-4AD5-B59F-8847B0306C4F}.Debug|x64.Build.0 = Debug|Any CPU
		{90CDB1EC-B587-4AD5-B59F-8847B0306C4F}.Debug|x86.ActiveCfg = Debug|Any CPU
		{90CDB1EC-B587-4AD5-B59F-8847B0306C4F}.Debug|x86.Build.0 = Debug|Any CPU
		{90CDB1EC-B587-4AD5-B59F-8847B0306C4F}.Release|Any CPU.ActiveCfg = Release|Any CPU
		{90CDB1EC-B587-4AD5-B59F-8847B0306C4F}.Release|Any CPU.Build.0 = Release|Any CPU
		{90CDB1EC-B587-4AD5-B59F-8847B0306C4F}.Release|x64.ActiveCfg = Release|Any CPU
		{90CDB1EC-B587-4AD5-B59F-8847B0306C4F}.Release|x64.Build.0 = Release|Any CPU
		{90CDB1EC-B587-4AD5-B59F-8847B0306C4F}.Release|x86.ActiveCfg = Release|Any CPU
		{90CDB1EC-B587-4AD5-B59F-8847B0306C4F}.Release|x86.Build.0 = Release|Any CPU
	EndGlobalSection
EndGlobal
